# THIS IS AN AUTOGENERATED FILE. DO NOT EDIT THIS FILE DIRECTLY.
# yarn lockfile v1


debug-mode@^2.0.2:
  version "2.0.2"
  resolved "https://registry.yarnpkg.com/debug-mode/-/debug-mode-2.0.2.tgz#52d13ff324fd41c3164ea2ad4a8392a7cabd2e0c"
  integrity sha512-uOGKcpU0ZSADgNKzyoZ3I3Sj5xAgGGOavQKhH60sTrW4+EtOa2MDrcop+XUdRmLqI4p0rjSrqPcQbwlBtLLhRw==
